Microsoft Visual Studio Solution File, Format Version 12.00
# Visual Studio Version 17
VisualStudioVersion = 17.5.2.0
MinimumVisualStudioVersion = 10.0.40219.1
Project("{FAE04EC0-301F-11D3-BF4B-00C04F79EFBC}") = "iPhonePhotoOffloader", "iPhonePhotoOffloader.csproj", "{EACD3171-9B70-610E-24FD-1DBA7D0C290E}"
EndProject
Global
	GlobalSection(SolutionConfigurationPlatforms) = preSolution
		Debug|Any CPU = Debug|Any CPU
		Release|Any CPU = Release|Any CPU
	EndGlobalSection
	GlobalSection(ProjectConfigurationPlatforms) = postSolution
		{EACD3171-9B70-610E-24FD-1DBA7D0C290E}.Debug|Any CPU.ActiveCfg = Debug|Any CPU
		{EACD3171-9B70-610E-24FD-1DBA7D0C290E}.Debug|Any CPU.Build.0 = Debug|Any CPU
		{EACD3171-9B70-610E-24FD-1DBA7D0C290E}.Release|Any CPU.ActiveCfg = Release|Any CPU
		{EACD3171-9B70-610E-24FD-1DBA7D0C290E}.Release|Any CPU.Build.0 = Release|Any CPU
	EndGlobalSection
	GlobalSection(SolutionProperties) = preSolution
		HideSolutionNode = FALSE
	EndGlobalSection
	GlobalSection(ExtensibilityGlobals) = postSolution
		SolutionGuid = {3FBA1B91-6E2C-4BB2-AEB0-3D78A1F04A1B}
	EndGlobalSection
EndGlobal
