Microsoft Visual Studio Solution File, Format Version 12.00
# Visual Studio Version 17
VisualStudioVersion = 17.5.2.0
MinimumVisualStudioVersion = 10.0.40219.1
Project("{FAE04EC0-301F-11D3-BF4B-00C04F79EFBC}") = "iphone-photo-offloader", "src\iphone-photo-offloader.csproj", "{98C8F83F-AE64-CA12-1108-DA8BA0673AAF}"
EndProject
Global
	GlobalSection(SolutionConfigurationPlatforms) = preSolution
		Debug|Any CPU = Debug|Any CPU
		Release|Any CPU = Release|Any CPU
	EndGlobalSection
	GlobalSection(ProjectConfigurationPlatforms) = postSolution
		{98C8F83F-AE64-CA12-1108-DA8BA0673AAF}.Debug|Any CPU.ActiveCfg = Debug|Any CPU
		{98C8F83F-AE64-CA12-1108-DA8BA0673AAF}.Debug|Any CPU.Build.0 = Debug|Any CPU
		{98C8F83F-AE64-CA12-1108-DA8BA0673AAF}.Release|Any CPU.ActiveCfg = Release|Any CPU
		{98C8F83F-AE64-CA12-1108-DA8BA0673AAF}.Release|Any CPU.Build.0 = Release|Any CPU
	EndGlobalSection
	GlobalSection(SolutionProperties) = preSolution
		HideSolutionNode = FALSE
	EndGlobalSection
	GlobalSection(ExtensibilityGlobals) = postSolution
		SolutionGuid = {A4C93CE7-F404-4E38-82AF-C469DDEFAF75}
	EndGlobalSection
EndGlobal
